Microsoft Visual Studio Solution File, Format Version 12.00
# Visual Studio Version 17
VisualStudioVersion = 17.5.2.0
MinimumVisualStudioVersion = 10.0.40219.1
Project("{FAE04EC0-301F-11D3-BF4B-00C04F79EFBC}") = "Realmia", "Realmia.csproj", "{0E47941D-5028-F68B-C352-86F4576C42FB}"
EndProject
Global
	GlobalSection(SolutionConfigurationPlatforms) = preSolution
		Debug|Any CPU = Debug|Any CPU
		Release|Any CPU = Release|Any CPU
	EndGlobalSection
	GlobalSection(ProjectConfigurationPlatforms) = postSolution
		{0E47941D-5028-F68B-C352-86F4576C42FB}.Debug|Any CPU.ActiveCfg = Debug|Any CPU
		{0E47941D-5028-F68B-C352-86F4576C42FB}.Debug|Any CPU.Build.0 = Debug|Any CPU
		{0E47941D-5028-F68B-C352-86F4576C42FB}.Release|Any CPU.ActiveCfg = Release|Any CPU
		{0E47941D-5028-F68B-C352-86F4576C42FB}.Release|Any CPU.Build.0 = Release|Any CPU
	EndGlobalSection
	GlobalSection(SolutionProperties) = preSolution
		HideSolutionNode = FALSE
	EndGlobalSection
	GlobalSection(ExtensibilityGlobals) = postSolution
		SolutionGuid = {2044098F-354C-47D2-A478-CFF4F6CE1AED}
	EndGlobalSection
EndGlobal
